
Microsoft Visual Studio Solution File, Format Version 11.00
# Visual Studio 2010
Project("{FAE04EC0-301F-11D3-BF4B-00C04F79EFBC}") = "PANDA", "PANDA\PANDA.csproj", "{A5E5443C-9FD7-4FF9-ADAE-7A38AD5C3867}"
EndProject
Project("{FAE04EC0-301F-11D3-BF4B-00C04F79EFBC}") = "PandaServices", "PANDAservices\PandaServices.csproj", "{16A89E3C-FC7A-4AE2-96B3-FCA419CE581F}"
EndProject
Project("{FAE04EC0-301F-11D3-BF4B-00C04F79EFBC}") = "PandaCorLib", "PANDACorLib\PandaCorLib.csproj", "{C2C19FB5-64C5-4FE5-9BDD-3F1FA6F72150}"
EndProject
Project("{FAE04EC0-301F-11D3-BF4B-00C04F79EFBC}") = "PandaDal", "PandaDal\PandaDal.csproj", "{CA4AECDE-3143-412F-B1CF-0BA99CCF35B6}"
EndProject
Project("{2150E333-8FDC-42A3-9474-1A3956D46DE8}") = "SolutionItems", "SolutionItems", "{07F2B0AC-CC65-4EAD-95C6-8739B166A5E1}"
	ProjectSection(SolutionItems) = preProject
		Solution Items\SharedAssemblyInfo.cs = Solution Items\SharedAssemblyInfo.cs
	EndProjectSection
EndProject
Project("{FAE04EC0-301F-11D3-BF4B-00C04F79EFBC}") = "Panda.WebLib", "PandaWebLib\Panda.WebLib.csproj", "{C6B065C3-CBAE-4FEF-8A99-45592F378ADA}"
EndProject
Project("{2150E333-8FDC-42A3-9474-1A3956D46DE8}") = ".nuget", ".nuget", "{0C238752-AB4B-4FA2-9ABC-E84971381153}"
	ProjectSection(SolutionItems) = preProject
		.nuget\NuGet.Config = .nuget\NuGet.Config
		.nuget\NuGet.exe = .nuget\NuGet.exe
		.nuget\NuGet.targets = .nuget\NuGet.targets
	EndProjectSection
EndProject
Project("{FAE04EC0-301F-11D3-BF4B-00C04F79EFBC}") = "Panda.Ninject.IoC", "Panda.Ninject.IoC\Panda.Ninject.IoC.csproj", "{4B8E1440-708B-4BD0-8116-63E740CEB6D4}"
EndProject
Global
	GlobalSection(SolutionConfigurationPlatforms) = preSolution
		Debug|Any CPU = Debug|Any CPU
		Release|Any CPU = Release|Any CPU
	EndGlobalSection
	GlobalSection(ProjectConfigurationPlatforms) = postSolution
		{A5E5443C-9FD7-4FF9-ADAE-7A38AD5C3867}.Debug|Any CPU.ActiveCfg = Debug|Any CPU
		{A5E5443C-9FD7-4FF9-ADAE-7A38AD5C3867}.Debug|Any CPU.Build.0 = Debug|Any CPU
		{A5E5443C-9FD7-4FF9-ADAE-7A38AD5C3867}.Release|Any CPU.ActiveCfg = Release|Any CPU
		{A5E5443C-9FD7-4FF9-ADAE-7A38AD5C3867}.Release|Any CPU.Build.0 = Release|Any CPU
		{16A89E3C-FC7A-4AE2-96B3-FCA419CE581F}.Debug|Any CPU.ActiveCfg = Debug|Any CPU
		{16A89E3C-FC7A-4AE2-96B3-FCA419CE581F}.Debug|Any CPU.Build.0 = Debug|Any CPU
		{16A89E3C-FC7A-4AE2-96B3-FCA419CE581F}.Release|Any CPU.ActiveCfg = Release|Any CPU
		{16A89E3C-FC7A-4AE2-96B3-FCA419CE581F}.Release|Any CPU.Build.0 = Release|Any CPU
		{C2C19FB5-64C5-4FE5-9BDD-3F1FA6F72150}.Debug|Any CPU.ActiveCfg = Debug|Any CPU
		{C2C19FB5-64C5-4FE5-9BDD-3F1FA6F72150}.Debug|Any CPU.Build.0 = Debug|Any CPU
		{C2C19FB5-64C5-4FE5-9BDD-3F1FA6F72150}.Release|Any CPU.ActiveCfg = Release|Any CPU
		{C2C19FB5-64C5-4FE5-9BDD-3F1FA6F72150}.Release|Any CPU.Build.0 = Release|Any CPU
		{CA4AECDE-3143-412F-B1CF-0BA99CCF35B6}.Debug|Any CPU.ActiveCfg = Debug|Any CPU
		{CA4AECDE-3143-412F-B1CF-0BA99CCF35B6}.Debug|Any CPU.Build.0 = Debug|Any CPU
		{CA4AECDE-3143-412F-B1CF-0BA99CCF35B6}.Release|Any CPU.ActiveCfg = Release|Any CPU
		{CA4AECDE-3143-412F-B1CF-0BA99CCF35B6}.Release|Any CPU.Build.0 = Release|Any CPU
		{C6B065C3-CBAE-4FEF-8A99-45592F378ADA}.Debug|Any CPU.ActiveCfg = Debug|Any CPU
		{C6B065C3-CBAE-4FEF-8A99-45592F378ADA}.Debug|Any CPU.Build.0 = Debug|Any CPU
		{C6B065C3-CBAE-4FEF-8A99-45592F378ADA}.Release|Any CPU.ActiveCfg = Release|Any CPU
		{C6B065C3-CBAE-4FEF-8A99-45592F378ADA}.Release|Any CPU.Build.0 = Release|Any CPU
		{4B8E1440-708B-4BD0-8116-63E740CEB6D4}.Debug|Any CPU.ActiveCfg = Debug|Any CPU
		{4B8E1440-708B-4BD0-8116-63E740CEB6D4}.Debug|Any CPU.Build.0 = Debug|Any CPU
		{4B8E1440-708B-4BD0-8116-63E740CEB6D4}.Release|Any CPU.ActiveCfg = Release|Any CPU
		{4B8E1440-708B-4BD0-8116-63E740CEB6D4}.Release|Any CPU.Build.0 = Release|Any CPU
	EndGlobalSection
	GlobalSection(SolutionProperties) = preSolution
		HideSolutionNode = FALSE
	EndGlobalSection
EndGlobal
